
Microsoft Visual Studio Solution File, Format Version 12.00
# Visual Studio Version 16
VisualStudioVersion = 16.0.31624.102
MinimumVisualStudioVersion = 10.0.40219.1
Project("{FAE04EC0-301F-11D3-BF4B-00C04F79EFBC}") = "ExpressionsLambda", "ExpressionsLambda\ExpressionsLambda.csproj", "{054024F8-07DE-4206-9F07-F38D305072AE}"
EndProject
Global
	GlobalSection(SolutionConfigurationPlatforms) = preSolution
		Debug|Any CPU = Debug|Any CPU
		Release|Any CPU = Release|Any CPU
	EndGlobalSection
	GlobalSection(ProjectConfigurationPlatforms) = postSolution
		{054024F8-07DE-4206-9F07-F38D305072AE}.Debug|Any CPU.ActiveCfg = Debug|Any CPU
		{054024F8-07DE-4206-9F07-F38D305072AE}.Debug|Any CPU.Build.0 = Debug|Any CPU
		{054024F8-07DE-4206-9F07-F38D305072AE}.Release|Any CPU.ActiveCfg = Release|Any CPU
		{054024F8-07DE-4206-9F07-F38D305072AE}.Release|Any CPU.Build.0 = Release|Any CPU
	EndGlobalSection
	GlobalSection(SolutionProperties) = preSolution
		HideSolutionNode = FALSE
	EndGlobalSection
	GlobalSection(ExtensibilityGlobals) = postSolution
		SolutionGuid = {2D5C5B24-4702-4B5C-B8E2-D35DCC8CDCA2}
	EndGlobalSection
EndGlobal
