
Microsoft Visual Studio Solution File, Format Version 12.00
# Visual Studio Version 16
VisualStudioVersion = 16.0.31624.102
MinimumVisualStudioVersion = 10.0.40219.1
Project("{FAE04EC0-301F-11D3-BF4B-00C04F79EFBC}") = "CardSourceDecorator", "CardSourceDecorator\CardSourceDecorator.csproj", "{48436F48-624E-42AF-A3E7-33F7AB86B584}"
EndProject
Global
	GlobalSection(SolutionConfigurationPlatforms) = preSolution
		Debug|Any CPU = Debug|Any CPU
		Release|Any CPU = Release|Any CPU
	EndGlobalSection
	GlobalSection(ProjectConfigurationPlatforms) = postSolution
		{48436F48-624E-42AF-A3E7-33F7AB86B584}.Debug|Any CPU.ActiveCfg = Debug|Any CPU
		{48436F48-624E-42AF-A3E7-33F7AB86B584}.Debug|Any CPU.Build.0 = Debug|Any CPU
		{48436F48-624E-42AF-A3E7-33F7AB86B584}.Release|Any CPU.ActiveCfg = Release|Any CPU
		{48436F48-624E-42AF-A3E7-33F7AB86B584}.Release|Any CPU.Build.0 = Release|Any CPU
	EndGlobalSection
	GlobalSection(SolutionProperties) = preSolution
		HideSolutionNode = FALSE
	EndGlobalSection
	GlobalSection(ExtensibilityGlobals) = postSolution
		SolutionGuid = {2A8D2B4E-7358-4136-87BF-CB3854509956}
	EndGlobalSection
EndGlobal
