
Microsoft Visual Studio Solution File, Format Version 12.00
# Visual Studio Version 16
VisualStudioVersion = 16.0.31624.102
MinimumVisualStudioVersion = 10.0.40219.1
Project("{9A19103F-16F7-4668-BE54-9A1E7A4F7556}") = "DiceGame", "DiceGame\DiceGame.csproj", "{80CF33EB-634A-4191-A9EE-DC2FED7B5AE6}"
EndProject
Project("{FAE04EC0-301F-11D3-BF4B-00C04F79EFBC}") = "DiceGameTests", "DiceGameTests\DiceGameTests.csproj", "{570F43F6-0246-473A-9D84-81A2BDE7DBFD}"
EndProject
Global
	GlobalSection(SolutionConfigurationPlatforms) = preSolution
		Debug|Any CPU = Debug|Any CPU
		Release|Any CPU = Release|Any CPU
	EndGlobalSection
	GlobalSection(ProjectConfigurationPlatforms) = postSolution
		{80CF33EB-634A-4191-A9EE-DC2FED7B5AE6}.Debug|Any CPU.ActiveCfg = Debug|Any CPU
		{80CF33EB-634A-4191-A9EE-DC2FED7B5AE6}.Debug|Any CPU.Build.0 = Debug|Any CPU
		{80CF33EB-634A-4191-A9EE-DC2FED7B5AE6}.Release|Any CPU.ActiveCfg = Release|Any CPU
		{80CF33EB-634A-4191-A9EE-DC2FED7B5AE6}.Release|Any CPU.Build.0 = Release|Any CPU
		{570F43F6-0246-473A-9D84-81A2BDE7DBFD}.Debug|Any CPU.ActiveCfg = Debug|Any CPU
		{570F43F6-0246-473A-9D84-81A2BDE7DBFD}.Debug|Any CPU.Build.0 = Debug|Any CPU
		{570F43F6-0246-473A-9D84-81A2BDE7DBFD}.Release|Any CPU.ActiveCfg = Release|Any CPU
		{570F43F6-0246-473A-9D84-81A2BDE7DBFD}.Release|Any CPU.Build.0 = Release|Any CPU
	EndGlobalSection
	GlobalSection(SolutionProperties) = preSolution
		HideSolutionNode = FALSE
	EndGlobalSection
	GlobalSection(ExtensibilityGlobals) = postSolution
		SolutionGuid = {B42EA70F-2D54-40A8-87A6-614FB423F8B7}
	EndGlobalSection
EndGlobal
